
Microsoft Visual Studio Solution File, Format Version 9.00
# Visual Studio 2005
Project("{8BC9CEB8-8B4A-11D0-8D11-00A0C91BC942}") = "kamaku", "kamaku.vcproj", "{0BD84213-71CE-4AA7-8923-C9A527F09FCB}"
EndProject
Global
	GlobalSection(SolutionConfigurationPlatforms) = preSolution
		Debug|Win32 = Debug|Win32
		Release|Win32 = Release|Win32
	EndGlobalSection
	GlobalSection(ProjectConfigurationPlatforms) = postSolution
		{0BD84213-71CE-4AA7-8923-C9A527F09FCB}.Debug|Win32.ActiveCfg = Debug|Win32
		{0BD84213-71CE-4AA7-8923-C9A527F09FCB}.Debug|Win32.Build.0 = Debug|Win32
		{0BD84213-71CE-4AA7-8923-C9A527F09FCB}.Release|Win32.ActiveCfg = Release|Win32
		{0BD84213-71CE-4AA7-8923-C9A527F09FCB}.Release|Win32.Build.0 = Release|Win32
	EndGlobalSection
	GlobalSection(SolutionProperties) = preSolution
		HideSolutionNode = FALSE
	EndGlobalSection
EndGlobal
